
Microsoft Visual Studio Solution File, Format Version 12.00
# Visual Studio Version 16
VisualStudioVersion = 16.0.31702.278
MinimumVisualStudioVersion = 10.0.40219.1
Project("{FAE04EC0-301F-11D3-BF4B-00C04F79EFBC}") = "PrimeNumbersApp", "PrimeNumbersApp\PrimeNumbersApp.csproj", "{1ECAC65F-09CC-48D1-A056-9C808115FAE5}"
EndProject
Global
	GlobalSection(SolutionConfigurationPlatforms) = preSolution
		Debug|Any CPU = Debug|Any CPU
		Release|Any CPU = Release|Any CPU
	EndGlobalSection
	GlobalSection(ProjectConfigurationPlatforms) = postSolution
		{1ECAC65F-09CC-48D1-A056-9C808115FAE5}.Debug|Any CPU.ActiveCfg = Debug|Any CPU
		{1ECAC65F-09CC-48D1-A056-9C808115FAE5}.Debug|Any CPU.Build.0 = Debug|Any CPU
		{1ECAC65F-09CC-48D1-A056-9C808115FAE5}.Release|Any CPU.ActiveCfg = Release|Any CPU
		{1ECAC65F-09CC-48D1-A056-9C808115FAE5}.Release|Any CPU.Build.0 = Release|Any CPU
	EndGlobalSection
	GlobalSection(SolutionProperties) = preSolution
		HideSolutionNode = FALSE
	EndGlobalSection
	GlobalSection(ExtensibilityGlobals) = postSolution
		SolutionGuid = {6C2BB5D6-847B-4960-86DC-0D265D7DB5B3}
	EndGlobalSection
EndGlobal
